// !$*UTF8*$!
{
	archiveVersion = 1;
	classes = {
	};
	objectVersion = 50;
	objects = {

/* Begin PBXBuildFile section */
		5E33EF7226F4300A00D2E6C9 /* ViewController+Drag.swift in Sources */ = {isa = PBXBuildFile; fileRef = 5E33EF7126F4300A00D2E6C9 /* ViewController+Drag.swift */; };
		5E33EF7426F4301000D2E6C9 /* ViewController+Drop.swift in Sources */ = {isa = PBXBuildFile; fileRef = 5E33EF7326F4301000D2E6C9 /* ViewController+Drop.swift */; };
		5E33EF7626F4301800D2E6C9 /* ViewController+Data.swift in Sources */ = {isa = PBXBuildFile; fileRef = 5E33EF7526F4301800D2E6C9 /* ViewController+Data.swift */; };
		5E33EF7826F4303100D2E6C9 /* Model+Dragging.swift in Sources */ = {isa = PBXBuildFile; fileRef = 5E33EF7726F4303100D2E6C9 /* Model+Dragging.swift */; };
		5E33EF7A26F45CF700D2E6C9 /* DropFromOtherApp.swift in Sources */ = {isa = PBXBuildFile; fileRef = 5E33EF7926F45CF700D2E6C9 /* DropFromOtherApp.swift */; };
		5ECFA55826F336B200D535E5 /* AppDelegate.swift in Sources */ = {isa = PBXBuildFile; fileRef = 5ECFA55726F336B200D535E5 /* AppDelegate.swift */; };
		5ECFA55A26F336B200D535E5 /* SceneDelegate.swift in Sources */ = {isa = PBXBuildFile; fileRef = 5ECFA55926F336B200D535E5 /* SceneDelegate.swift */; };
		5ECFA55C26F336B200D535E5 /* ViewController.swift in Sources */ = {isa = PBXBuildFile; fileRef = 5ECFA55B26F336B200D535E5 /* ViewController.swift */; };
		5ECFA55F26F336B200D535E5 /* Main.storyboard in Resources */ = {isa = PBXBuildFile; fileRef = 5ECFA55D26F336B200D535E5 /* Main.storyboard */; };
		5ECFA56126F336B400D535E5 /* Assets.xcassets in Resources */ = {isa = PBXBuildFile; fileRef = 5ECFA56026F336B400D535E5 /* Assets.xcassets */; };
		5ECFA56426F336B400D535E5 /* LaunchScreen.storyboard in Resources */ = {isa = PBXBuildFile; fileRef = 5ECFA56226F336B400D535E5 /* LaunchScreen.storyboard */; };
		5ECFA56D26F33FE900D535E5 /* Model.swift in Sources */ = {isa = PBXBuildFile; fileRef = 5ECFA56C26F33FE900D535E5 /* Model.swift */; };
/* End PBXBuildFile section */

/* Begin PBXFileReference section */
		5E33EF7126F4300A00D2E6C9 /* ViewController+Drag.swift */ = {isa = PBXFileReference; lastKnownFileType = sourcecode.swift; path = "ViewController+Drag.swift"; sourceTree = "<group>"; };
		5E33EF7326F4301000D2E6C9 /* ViewController+Drop.swift */ = {isa = PBXFileReference; lastKnownFileType = sourcecode.swift; path = "ViewController+Drop.swift"; sourceTree = "<group>"; };
		5E33EF7526F4301800D2E6C9 /* ViewController+Data.swift */ = {isa = PBXFileReference; lastKnownFileType = sourcecode.swift; path = "ViewController+Data.swift"; sourceTree = "<group>"; };
		5E33EF7726F4303100D2E6C9 /* Model+Dragging.swift */ = {isa = PBXFileReference; lastKnownFileType = sourcecode.swift; path = "Model+Dragging.swift"; sourceTree = "<group>"; };
		5E33EF7926F45CF700D2E6C9 /* DropFromOtherApp.swift */ = {isa = PBXFileReference; lastKnownFileType = sourcecode.swift; path = DropFromOtherApp.swift; sourceTree = "<group>"; };
		5ECFA55426F336B200D535E5 /* SlideOver-Sample.app */ = {isa = PBXFileReference; explicitFileType = wrapper.application; includeInIndex = 0; path = "SlideOver-Sample.app"; sourceTree = BUILT_PRODUCTS_DIR; };
		5ECFA55726F336B200D535E5 /* AppDelegate.swift */ = {isa = PBXFileReference; lastKnownFileType = sourcecode.swift; path = AppDelegate.swift; sourceTree = "<group>"; };
		5ECFA55926F336B200D535E5 /* SceneDelegate.swift */ = {isa = PBXFileReference; lastKnownFileType = sourcecode.swift; path = SceneDelegate.swift; sourceTree = "<group>"; };
		5ECFA55B26F336B200D535E5 /* ViewController.swift */ = {isa = PBXFileReference; lastKnownFileType = sourcecode.swift; path = ViewController.swift; sourceTree = "<group>"; };
		5ECFA55E26F336B200D535E5 /* Base */ = {isa = PBXFileReference; lastKnownFileType = file.storyboard; name = Base; path = Base.lproj/Main.storyboard; sourceTree = "<group>"; };
		5ECFA56026F336B400D535E5 /* Assets.xcassets */ = {isa = PBXFileReference; lastKnownFileType = folder.assetcatalog; path = Assets.xcassets; sourceTree = "<group>"; };
		5ECFA56326F336B400D535E5 /* Base */ = {isa = PBXFileReference; lastKnownFileType = file.storyboard; name = Base; path = Base.lproj/LaunchScreen.storyboard; sourceTree = "<group>"; };
		5ECFA56526F336B400D535E5 /* Info.plist */ = {isa = PBXFileReference; lastKnownFileType = text.plist.xml; path = Info.plist; sourceTree = "<group>"; };
		5ECFA56B26F336D800D535E5 /* README.md */ = {isa = PBXFileReference; lastKnownFileType = net.daringfireball.markdown; path = README.md; sourceTree = "<group>"; };
		5ECFA56C26F33FE900D535E5 /* Model.swift */ = {isa = PBXFileReference; lastKnownFileType = sourcecode.swift; path = Model.swift; sourceTree = "<group>"; };
/* End PBXFileReference section */

/* Begin PBXFrameworksBuildPhase section */
		5ECFA55126F336B200D535E5 /* Frameworks */ = {
			isa = PBXFrameworksBuildPhase;
			buildActionMask = 2147483647;
			files = (
			);
			runOnlyForDeploymentPostprocessing = 0;
		};
/* End PBXFrameworksBuildPhase section */

/* Begin PBXGroup section */
		5E33EF6E26F42F8E00D2E6C9 /* Controller */ = {
			isa = PBXGroup;
			children = (
				5ECFA55B26F336B200D535E5 /* ViewController.swift */,
				5E33EF7126F4300A00D2E6C9 /* ViewController+Drag.swift */,
				5E33EF7326F4301000D2E6C9 /* ViewController+Drop.swift */,
				5E33EF7526F4301800D2E6C9 /* ViewController+Data.swift */,
			);
			path = Controller;
			sourceTree = "<group>";
		};
		5E33EF6F26F42F9400D2E6C9 /* Model */ = {
			isa = PBXGroup;
			children = (
				5ECFA56C26F33FE900D535E5 /* Model.swift */,
				5E33EF7726F4303100D2E6C9 /* Model+Dragging.swift */,
				5E33EF7926F45CF700D2E6C9 /* DropFromOtherApp.swift */,
			);
			path = Model;
			sourceTree = "<group>";
		};
		5E33EF7026F42F9800D2E6C9 /* Resources */ = {
			isa = PBXGroup;
			children = (
				5ECFA55D26F336B200D535E5 /* Main.storyboard */,
				5ECFA56026F336B400D535E5 /* Assets.xcassets */,
				5ECFA56226F336B400D535E5 /* LaunchScreen.storyboard */,
				5ECFA56526F336B400D535E5 /* Info.plist */,
			);
			path = Resources;
			sourceTree = "<group>";
		};
		5ECFA54B26F336B200D535E5 = {
			isa = PBXGroup;
			children = (
				5ECFA56B26F336D800D535E5 /* README.md */,
				5ECFA55626F336B200D535E5 /* SlideOver-Sample */,
				5ECFA55526F336B200D535E5 /* Products */,
			);
			sourceTree = "<group>";
		};
		5ECFA55526F336B200D535E5 /* Products */ = {
			isa = PBXGroup;
			children = (
				5ECFA55426F336B200D535E5 /* SlideOver-Sample.app */,
			);
			name = Products;
			sourceTree = "<group>";
		};
		5ECFA55626F336B200D535E5 /* SlideOver-Sample */ = {
			isa = PBXGroup;
			children = (
				5ECFA55726F336B200D535E5 /* AppDelegate.swift */,
				5ECFA55926F336B200D535E5 /* SceneDelegate.swift */,
				5E33EF7026F42F9800D2E6C9 /* Resources */,
				5E33EF6E26F42F8E00D2E6C9 /* Controller */,
				5E33EF6F26F42F9400D2E6C9 /* Model */,
			);
			path = "SlideOver-Sample";
			sourceTree = "<group>";
		};
/* End PBXGroup section */

/* Begin PBXNativeTarget section */
		5ECFA55326F336B200D535E5 /* SlideOver-Sample */ = {
			isa = PBXNativeTarget;
			buildConfigurationList = 5ECFA56826F336B400D535E5 /* Build configuration list for PBXNativeTarget "SlideOver-Sample" */;
			buildPhases = (
				5ECFA55026F336B200D535E5 /* Sources */,
				5ECFA55126F336B200D535E5 /* Frameworks */,
				5ECFA55226F336B200D535E5 /* Resources */,
			);
			buildRules = (
			);
			dependencies = (
			);
			name = "SlideOver-Sample";
			productName = "SlideOver-Sample";
			productReference = 5ECFA55426F336B200D535E5 /* SlideOver-Sample.app */;
			productType = "com.apple.product-type.application";
		};
/* End PBXNativeTarget section */

/* Begin PBXProject section */
		5ECFA54C26F336B200D535E5 /* Project object */ = {
			isa = PBXProject;
			attributes = {
				LastSwiftUpdateCheck = 1250;
				LastUpgradeCheck = 1250;
				TargetAttributes = {
					5ECFA55326F336B200D535E5 = {
						CreatedOnToolsVersion = 12.5.1;
					};
				};
			};
			buildConfigurationList = 5ECFA54F26F336B200D535E5 /* Build configuration list for PBXProject "SlideOver-Sample" */;
			compatibilityVersion = "Xcode 9.3";
			developmentRegion = en;
			hasScannedForEncodings = 0;
			knownRegions = (
				en,
				Base,
			);
			mainGroup = 5ECFA54B26F336B200D535E5;
			productRefGroup = 5ECFA55526F336B200D535E5 /* Products */;
			projectDirPath = "";
			projectRoot = "";
			targets = (
				5ECFA55326F336B200D535E5 /* SlideOver-Sample */,
			);
		};
/* End PBXProject section */

/* Begin PBXResourcesBuildPhase section */
		5ECFA55226F336B200D535E5 /* Resources */ = {
			isa = PBXResourcesBuildPhase;
			buildActionMask = 2147483647;
			files = (
				5ECFA56426F336B400D535E5 /* LaunchScreen.storyboard in Resources */,
				5ECFA56126F336B400D535E5 /* Assets.xcassets in Resources */,
				5ECFA55F26F336B200D535E5 /* Main.storyboard in Resources */,
			);
			runOnlyForDeploymentPostprocessing = 0;
		};
/* End PBXResourcesBuildPhase section */

/* Begin PBXSourcesBuildPhase section */
		5ECFA55026F336B200D535E5 /* Sources */ = {
			isa = PBXSourcesBuildPhase;
			buildActionMask = 2147483647;
			files = (
				5ECFA55C26F336B200D535E5 /* ViewController.swift in Sources */,
				5E33EF7626F4301800D2E6C9 /* ViewController+Data.swift in Sources */,
				5ECFA56D26F33FE900D535E5 /* Model.swift in Sources */,
				5E33EF7226F4300A00D2E6C9 /* ViewController+Drag.swift in Sources */,
				5ECFA55826F336B200D535E5 /* AppDelegate.swift in Sources */,
				5ECFA55A26F336B200D535E5 /* SceneDelegate.swift in Sources */,
				5E33EF7A26F45CF700D2E6C9 /* DropFromOtherApp.swift in Sources */,
				5E33EF7826F4303100D2E6C9 /* Model+Dragging.swift in Sources */,
				5E33EF7426F4301000D2E6C9 /* ViewController+Drop.swift in Sources */,
			);
			runOnlyForDeploymentPostprocessing = 0;
		};
/* End PBXSourcesBuildPhase section */

/* Begin PBXVariantGroup section */
		5ECFA55D26F336B200D535E5 /* Main.storyboard */ = {
			isa = PBXVariantGroup;
			children = (
				5ECFA55E26F336B200D535E5 /* Base */,
			);
			name = Main.storyboard;
			sourceTree = "<group>";
		};
		5ECFA56226F336B400D535E5 /* LaunchScreen.storyboard */ = {
			isa = PBXVariantGroup;
			children = (
				5ECFA56326F336B400D535E5 /* Base */,
			);
			name = LaunchScreen.storyboard;
			sourceTree = "<group>";
		};
/* End PBXVariantGroup section */

/* Begin XCBuildConfiguration section */
		5ECFA56626F336B400D535E5 /* Debug */ = {
			isa = XCBuildConfiguration;
			buildSettings = {
				ALWAYS_SEARCH_USER_PATHS = NO;
				CLANG_ANALYZER_NONNULL = YES;
				CLANG_ANALYZER_NUMBER_OBJECT_CONVERSION = YES_AGGRESSIVE;
				CLANG_CXX_LANGUAGE_STANDARD = "gnu++14";
				CLANG_CXX_LIBRARY = "libc++";
				CLANG_ENABLE_MODULES = YES;
				CLANG_ENABLE_OBJC_ARC = YES;
				CLANG_ENABLE_OBJC_WEAK = YES;
				CLANG_WARN_BLOCK_CAPTURE_AUTORELEASING = YES;
				CLANG_WARN_BOOL_CONVERSION = YES;
				CLANG_WARN_COMMA = YES;
				CLANG_WARN_CONSTANT_CONVERSION = YES;
				CLANG_WARN_DEPRECATED_OBJC_IMPLEMENTATIONS = YES;
				CLANG_WARN_DIRECT_OBJC_ISA_USAGE = YES_ERROR;
				CLANG_WARN_DOCUMENTATION_COMMENTS = YES;
				CLANG_WARN_EMPTY_BODY = YES;
				CLANG_WARN_ENUM_CONVERSION = YES;
				CLANG_WARN_INFINITE_RECURSION = YES;
				CLANG_WARN_INT_CONVERSION = YES;
				CLANG_WARN_NON_LITERAL_NULL_CONVERSION = YES;
				CLANG_WARN_OBJC_IMPLICIT_RETAIN_SELF = YES;
				CLANG_WARN_OBJC_LITERAL_CONVERSION = YES;
				CLANG_WARN_OBJC_ROOT_CLASS = YES_ERROR;
				CLANG_WARN_QUOTED_INCLUDE_IN_FRAMEWORK_HEADER = YES;
				CLANG_WARN_RANGE_LOOP_ANALYSIS = YES;
				CLANG_WARN_STRICT_PROTOTYPES = YES;
				CLANG_WARN_SUSPICIOUS_MOVE = YES;
				CLANG_WARN_UNGUARDED_AVAILABILITY = YES_AGGRESSIVE;
				CLANG_WARN_UNREACHABLE_CODE = YES;
				CLANG_WARN__DUPLICATE_METHOD_MATCH = YES;
				COPY_PHASE_STRIP = NO;
				DEBUG_INFORMATION_FORMAT = dwarf;
				ENABLE_STRICT_OBJC_MSGSEND = YES;
				ENABLE_TESTABILITY = YES;
				GCC_C_LANGUAGE_STANDARD = gnu11;
				GCC_DYNAMIC_NO_PIC = NO;
				GCC_NO_COMMON_BLOCKS = YES;
				GCC_OPTIMIZATION_LEVEL = 0;
				GCC_PREPROCESSOR_DEFINITIONS = (
					"DEBUG=1",
					"$(inherited)",
				);
				GCC_WARN_64_TO_32_BIT_CONVERSION = YES;
				GCC_WARN_ABOUT_RETURN_TYPE = YES_ERROR;
				GCC_WARN_UNDECLARED_SELECTOR = YES;
				GCC_WARN_UNINITIALIZED_AUTOS = YES_AGGRESSIVE;
				GCC_WARN_UNUSED_FUNCTION = YES;
				GCC_WARN_UNUSED_VARIABLE = YES;
				IPHONEOS_DEPLOYMENT_TARGET = 14.5;
				MTL_ENABLE_DEBUG_INFO = INCLUDE_SOURCE;
				MTL_FAST_MATH = YES;
				ONLY_ACTIVE_ARCH = YES;
				SDKROOT = iphoneos;
				SWIFT_ACTIVE_COMPILATION_CONDITIONS = DEBUG;
				SWIFT_OPTIMIZATION_LEVEL = "-Onone";
			};
			name = Debug;
		};
		5ECFA56726F336B400D535E5 /* Release */ = {
			isa = XCBuildConfiguration;
			buildSettings = {
				ALWAYS_SEARCH_USER_PATHS = NO;
				CLANG_ANALYZER_NONNULL = YES;
				CLANG_ANALYZER_NUMBER_OBJECT_CONVERSION = YES_AGGRESSIVE;
				CLANG_CXX_LANGUAGE_STANDARD = "gnu++14";
				CLANG_CXX_LIBRARY = "libc++";
				CLANG_ENABLE_MODULES = YES;
				CLANG_ENABLE_OBJC_ARC = YES;
				CLANG_ENABLE_OBJC_WEAK = YES;
				CLANG_WARN_BLOCK_CAPTURE_AUTORELEASING = YES;
				CLANG_WARN_BOOL_CONVERSION = YES;
				CLANG_WARN_COMMA = YES;
				CLANG_WARN_CONSTANT_CONVERSION = YES;
				CLANG_WARN_DEPRECATED_OBJC_IMPLEMENTATIONS = YES;
				CLANG_WARN_DIRECT_OBJC_ISA_USAGE = YES_ERROR;
				CLANG_WARN_DOCUMENTATION_COMMENTS = YES;
				CLANG_WARN_EMPTY_BODY = YES;
				CLANG_WARN_ENUM_CONVERSION = YES;
				CLANG_WARN_INFINITE_RECURSION = YES;
				CLANG_WARN_INT_CONVERSION = YES;
				CLANG_WARN_NON_LITERAL_NULL_CONVERSION = YES;
				CLANG_WARN_OBJC_IMPLICIT_RETAIN_SELF = YES;
				CLANG_WARN_OBJC_LITERAL_CONVERSION = YES;
				CLANG_WARN_OBJC_ROOT_CLASS = YES_ERROR;
				CLANG_WARN_QUOTED_INCLUDE_IN_FRAMEWORK_HEADER = YES;
				CLANG_WARN_RANGE_LOOP_ANALYSIS = YES;
				CLANG_WARN_STRICT_PROTOTYPES = YES;
				CLANG_WARN_SUSPICIOUS_MOVE = YES;
				CLANG_WARN_UNGUARDED_AVAILABILITY = YES_AGGRESSIVE;
				CLANG_WARN_UNREACHABLE_CODE = YES;
				CLANG_WARN__DUPLICATE_METHOD_MATCH = YES;
				COPY_PHASE_STRIP = NO;
				DEBUG_INFORMATION_FORMAT = "dwarf-with-dsym";
				ENABLE_NS_ASSERTIONS = NO;
				ENABLE_STRICT_OBJC_MSGSEND = YES;
				GCC_C_LANGUAGE_STANDARD = gnu11;
				GCC_NO_COMMON_BLOCKS = YES;
				GCC_WARN_64_TO_32_BIT_CONVERSION = YES;
				GCC_WARN_ABOUT_RETURN_TYPE = YES_ERROR;
				GCC_WARN_UNDECLARED_SELECTOR = YES;
				GCC_WARN_UNINITIALIZED_AUTOS = YES_AGGRESSIVE;
				GCC_WARN_UNUSED_FUNCTION = YES;
				GCC_WARN_UNUSED_VARIABLE = YES;
				IPHONEOS_DEPLOYMENT_TARGET = 14.5;
				MTL_ENABLE_DEBUG_INFO = NO;
				MTL_FAST_MATH = YES;
				SDKROOT = iphoneos;
				SWIFT_COMPILATION_MODE = wholemodule;
				SWIFT_OPTIMIZATION_LEVEL = "-O";
				VALIDATE_PRODUCT = YES;
			};
			name = Release;
		};
		5ECFA56926F336B400D535E5 /* Debug */ = {
			isa = XCBuildConfiguration;
			buildSettings = {
				ASSETCATALOG_COMPILER_APPICON_NAME = AppIcon;
				ASSETCATALOG_COMPILER_GLOBAL_ACCENT_COLOR_NAME = AccentColor;
				CODE_SIGN_STYLE = Automatic;
				DEVELOPMENT_TEAM = PCCZJUYRT6;
				INFOPLIST_FILE = "SlideOver-Sample/Resources/Info.plist";
				LD_RUNPATH_SEARCH_PATHS = (
					"$(inherited)",
					"@executable_path/Frameworks",
				);
				PRODUCT_BUNDLE_IDENTIFIER = "kazua.SlideOver-Sample";
				PRODUCT_NAME = "$(TARGET_NAME)";
				SWIFT_VERSION = 5.0;
				TARGETED_DEVICE_FAMILY = "1,2";
			};
			name = Debug;
		};
		5ECFA56A26F336B400D535E5 /* Release */ = {
			isa = XCBuildConfiguration;
			buildSettings = {
				ASSETCATALOG_COMPILER_APPICON_NAME = AppIcon;
				ASSETCATALOG_COMPILER_GLOBAL_ACCENT_COLOR_NAME = AccentColor;
				CODE_SIGN_STYLE = Automatic;
				DEVELOPMENT_TEAM = PCCZJUYRT6;
				INFOPLIST_FILE = "SlideOver-Sample/Resources/Info.plist";
				LD_RUNPATH_SEARCH_PATHS = (
					"$(inherited)",
					"@executable_path/Frameworks",
				);
				PRODUCT_BUNDLE_IDENTIFIER = "kazua.SlideOver-Sample";
				PRODUCT_NAME = "$(TARGET_NAME)";
				SWIFT_VERSION = 5.0;
				TARGETED_DEVICE_FAMILY = "1,2";
			};
			name = Release;
		};
/* End XCBuildConfiguration section */

/* Begin XCConfigurationList section */
		5ECFA54F26F336B200D535E5 /* Build configuration list for PBXProject "SlideOver-Sample" */ = {
			isa = XCConfigurationList;
			buildConfigurations = (
				5ECFA56626F336B400D535E5 /* Debug */,
				5ECFA56726F336B400D535E5 /* Release */,
			);
			defaultConfigurationIsVisible = 0;
			defaultConfigurationName = Release;
		};
		5ECFA56826F336B400D535E5 /* Build configuration list for PBXNativeTarget "SlideOver-Sample" */ = {
			isa = XCConfigurationList;
			buildConfigurations = (
				5ECFA56926F336B400D535E5 /* Debug */,
				5ECFA56A26F336B400D535E5 /* Release */,
			);
			defaultConfigurationIsVisible = 0;
			defaultConfigurationName = Release;
		};
/* End XCConfigurationList section */
	};
	rootObject = 5ECFA54C26F336B200D535E5 /* Project object */;
}
